
Microsoft Visual Studio Solution File, Format Version 12.00
# Visual Studio Version 16
VisualStudioVersion = 16.0.29926.136
MinimumVisualStudioVersion = 10.0.40219.1
Project("{9A19103F-16F7-4668-BE54-9A1E7A4F7556}") = "Api", "Api\Api.csproj", "{42B19364-449D-4489-B3EF-FE4C1D8AB091}"
EndProject
Project("{9A19103F-16F7-4668-BE54-9A1E7A4F7556}") = "ApiTests", "ApiTests\ApiTests.csproj", "{D6404AB9-600E-4321-84FC-AFAB5B895B0D}"
EndProject
Global
	GlobalSection(SolutionConfigurationPlatforms) = preSolution
		Debug|x64 = Debug|x64
		Release|x64 = Release|x64
	EndGlobalSection
	GlobalSection(ProjectConfigurationPlatforms) = postSolution
		{42B19364-449D-4489-B3EF-FE4C1D8AB091}.Debug|x64.ActiveCfg = Debug|x64
		{42B19364-449D-4489-B3EF-FE4C1D8AB091}.Debug|x64.Build.0 = Debug|x64
		{42B19364-449D-4489-B3EF-FE4C1D8AB091}.Release|x64.ActiveCfg = Release|x64
		{42B19364-449D-4489-B3EF-FE4C1D8AB091}.Release|x64.Build.0 = Release|x64
		{D6404AB9-600E-4321-84FC-AFAB5B895B0D}.Debug|x64.ActiveCfg = Debug|x64
		{D6404AB9-600E-4321-84FC-AFAB5B895B0D}.Debug|x64.Build.0 = Debug|x64
		{D6404AB9-600E-4321-84FC-AFAB5B895B0D}.Release|x64.ActiveCfg = Release|x64
		{D6404AB9-600E-4321-84FC-AFAB5B895B0D}.Release|x64.Build.0 = Release|x64
	EndGlobalSection
	GlobalSection(SolutionProperties) = preSolution
		HideSolutionNode = FALSE
	EndGlobalSection
	GlobalSection(ExtensibilityGlobals) = postSolution
		SolutionGuid = {B1986AC6-8F5C-4DAA-A417-8ADDAB3708AE}
	EndGlobalSection
EndGlobal
